
Microsoft Visual Studio Solution File, Format Version 12.00
# Visual Studio Version 17
VisualStudioVersion = 17.13.35913.81 d17.13
MinimumVisualStudioVersion = 10.0.40219.1
Project("{FAE04EC0-301F-11D3-BF4B-00C04F79EFBC}") = "ReverseaStringUsingStack", "ReverseaStringUsingStack\ReverseaStringUsingStack.csproj", "{A3283E96-1738-4483-89B0-BD263790888A}"
EndProject
Global
	GlobalSection(SolutionConfigurationPlatforms) = preSolution
		Debug|Any CPU = Debug|Any CPU
		Release|Any CPU = Release|Any CPU
	EndGlobalSection
	GlobalSection(ProjectConfigurationPlatforms) = postSolution
		{A3283E96-1738-4483-89B0-BD263790888A}.Debug|Any CPU.ActiveCfg = Debug|Any CPU
		{A3283E96-1738-4483-89B0-BD263790888A}.Debug|Any CPU.Build.0 = Debug|Any CPU
		{A3283E96-1738-4483-89B0-BD263790888A}.Release|Any CPU.ActiveCfg = Release|Any CPU
		{A3283E96-1738-4483-89B0-BD263790888A}.Release|Any CPU.Build.0 = Release|Any CPU
	EndGlobalSection
	GlobalSection(SolutionProperties) = preSolution
		HideSolutionNode = FALSE
	EndGlobalSection
	GlobalSection(ExtensibilityGlobals) = postSolution
		SolutionGuid = {2115C8E4-9DDC-4176-9A26-B8BCF6033F23}
	EndGlobalSection
EndGlobal
